
Microsoft Visual Studio Solution File, Format Version 12.00
# Visual Studio Version 17
VisualStudioVersion = 17.11.35219.272
MinimumVisualStudioVersion = 10.0.40219.1
Project("{FAE04EC0-301F-11D3-BF4B-00C04F79EFBC}") = "Clcular-Area-Triagulo-Modelar", "Clcular-Area-Triagulo-Modelar\Clcular-Area-Triagulo-Modelar.csproj", "{72749DF8-62E9-4FAF-A359-A060503064FF}"
EndProject
Global
	GlobalSection(SolutionConfigurationPlatforms) = preSolution
		Debug|Any CPU = Debug|Any CPU
		Release|Any CPU = Release|Any CPU
	EndGlobalSection
	GlobalSection(ProjectConfigurationPlatforms) = postSolution
		{72749DF8-62E9-4FAF-A359-A060503064FF}.Debug|Any CPU.ActiveCfg = Debug|Any CPU
		{72749DF8-62E9-4FAF-A359-A060503064FF}.Debug|Any CPU.Build.0 = Debug|Any CPU
		{72749DF8-62E9-4FAF-A359-A060503064FF}.Release|Any CPU.ActiveCfg = Release|Any CPU
		{72749DF8-62E9-4FAF-A359-A060503064FF}.Release|Any CPU.Build.0 = Release|Any CPU
	EndGlobalSection
	GlobalSection(SolutionProperties) = preSolution
		HideSolutionNode = FALSE
	EndGlobalSection
	GlobalSection(ExtensibilityGlobals) = postSolution
		SolutionGuid = {84128706-074E-43EC-B547-B44DDA51DFB1}
	EndGlobalSection
EndGlobal
